// !$*UTF8*$!
{
	archiveVersion = 1;
	classes = {
	};
	objectVersion = 46;
	objects = {

/* Begin PBXBuildFile section */
		8C1F000E1791EC6900567D4E /* UIKit.framework in Frameworks */ = {isa = PBXBuildFile; fileRef = 8C1F000D1791EC6900567D4E /* UIKit.framework */; };
		8C1F00101791EC6900567D4E /* Foundation.framework in Frameworks */ = {isa = PBXBuildFile; fileRef = 8C1F000F1791EC6900567D4E /* Foundation.framework */; };
		8C1F00121791EC6900567D4E /* CoreGraphics.framework in Frameworks */ = {isa = PBXBuildFile; fileRef = 8C1F00111791EC6900567D4E /* CoreGraphics.framework */; };
		8C1F00181791EC6900567D4E /* InfoPlist.strings in Resources */ = {isa = PBXBuildFile; fileRef = 8C1F00161791EC6900567D4E /* InfoPlist.strings */; };
		8C1F001A1791EC6900567D4E /* main.m in Sources */ = {isa = PBXBuildFile; fileRef = 8C1F00191791EC6900567D4E /* main.m */; };
		8C1F001E1791EC6900567D4E /* AppDelegate.m in Sources */ = {isa = PBXBuildFile; fileRef = 8C1F001D1791EC6900567D4E /* AppDelegate.m */; };
		8C1F00201791EC6900567D4E /* Default.png in Resources */ = {isa = PBXBuildFile; fileRef = 8C1F001F1791EC6900567D4E /* Default.png */; };
		8C1F00221791EC6900567D4E /* Default@2x.png in Resources */ = {isa = PBXBuildFile; fileRef = 8C1F00211791EC6900567D4E /* Default@2x.png */; };
		8C1F00241791EC6900567D4E /* Default-568h@2x.png in Resources */ = {isa = PBXBuildFile; fileRef = 8C1F00231791EC6900567D4E /* Default-568h@2x.png */; };
		8C1F00271791EC6900567D4E /* MainStoryboard.storyboard in Resources */ = {isa = PBXBuildFile; fileRef = 8C1F00251791EC6900567D4E /* MainStoryboard.storyboard */; };
		8C1F002A1791EC6900567D4E /* MasterViewController.m in Sources */ = {isa = PBXBuildFile; fileRef = 8C1F00291791EC6900567D4E /* MasterViewController.m */; settings = {COMPILER_FLAGS = "-fno-objc-arc"; }; };
		8C1F002D1791EC6900567D4E /* DetailViewController.m in Sources */ = {isa = PBXBuildFile; fileRef = 8C1F002C1791EC6900567D4E /* DetailViewController.m */; };
		8C81FB881791EE8B00B1CDCA /* NSString+STTwitter.m in Sources */ = {isa = PBXBuildFile; fileRef = 8C81FB791791EE8B00B1CDCA /* NSString+STTwitter.m */; settings = {COMPILER_FLAGS = "-fno-objc-arc"; }; };
		8C81FB891791EE8B00B1CDCA /* STTwitterAPIWrapper.m in Sources */ = {isa = PBXBuildFile; fileRef = 8C81FB7B1791EE8B00B1CDCA /* STTwitterAPIWrapper.m */; settings = {COMPILER_FLAGS = "-fno-objc-arc"; }; };
		8C81FB8A1791EE8B00B1CDCA /* STTwitterAppOnly.m in Sources */ = {isa = PBXBuildFile; fileRef = 8C81FB7D1791EE8B00B1CDCA /* STTwitterAppOnly.m */; settings = {COMPILER_FLAGS = "-fno-objc-arc"; }; };
		8C81FB8B1791EE8B00B1CDCA /* STTwitterHTML.m in Sources */ = {isa = PBXBuildFile; fileRef = 8C81FB7F1791EE8B00B1CDCA /* STTwitterHTML.m */; settings = {COMPILER_FLAGS = "-fno-objc-arc"; }; };
		8C81FB8C1791EE8B00B1CDCA /* STTwitterOAuth.m in Sources */ = {isa = PBXBuildFile; fileRef = 8C81FB811791EE8B00B1CDCA /* STTwitterOAuth.m */; settings = {COMPILER_FLAGS = "-fno-objc-arc"; }; };
		8C81FB8D1791EE8B00B1CDCA /* STTwitterOAuthOSX.m in Sources */ = {isa = PBXBuildFile; fileRef = 8C81FB831791EE8B00B1CDCA /* STTwitterOAuthOSX.m */; settings = {COMPILER_FLAGS = "-fno-objc-arc"; }; };
		8C81FB8E1791EE8B00B1CDCA /* STHTTPRequest.m in Sources */ = {isa = PBXBuildFile; fileRef = 8C81FB871791EE8B00B1CDCA /* STHTTPRequest.m */; settings = {COMPILER_FLAGS = "-fno-objc-arc"; }; };
		8C81FB971791F78600B1CDCA /* StoryItem.m in Sources */ = {isa = PBXBuildFile; fileRef = 8C81FB961791F78600B1CDCA /* StoryItem.m */; };
		8C81FB9A1791F99700B1CDCA /* PageItem.m in Sources */ = {isa = PBXBuildFile; fileRef = 8C81FB991791F99700B1CDCA /* PageItem.m */; };
		8C81FBA21792098400B1CDCA /* StoryCellViewController.m in Sources */ = {isa = PBXBuildFile; fileRef = 8C81FBA11792098400B1CDCA /* StoryCellViewController.m */; };
/* End PBXBuildFile section */

/* Begin PBXFileReference section */
		8C1F00091791EC6900567D4E /* story-teller.app */ = {isa = PBXFileReference; explicitFileType = wrapper.application; includeInIndex = 0; path = "story-teller.app"; sourceTree = BUILT_PRODUCTS_DIR; };
		8C1F000D1791EC6900567D4E /* UIKit.framework */ = {isa = PBXFileReference; lastKnownFileType = wrapper.framework; name = UIKit.framework; path = System/Library/Frameworks/UIKit.framework; sourceTree = SDKROOT; };
		8C1F000F1791EC6900567D4E /* Foundation.framework */ = {isa = PBXFileReference; lastKnownFileType = wrapper.framework; name = Foundation.framework; path = System/Library/Frameworks/Foundation.framework; sourceTree = SDKROOT; };
		8C1F00111791EC6900567D4E /* CoreGraphics.framework */ = {isa = PBXFileReference; lastKnownFileType = wrapper.framework; name = CoreGraphics.framework; path = System/Library/Frameworks/CoreGraphics.framework; sourceTree = SDKROOT; };
		8C1F00151791EC6900567D4E /* story-teller-Info.plist */ = {isa = PBXFileReference; lastKnownFileType = text.plist.xml; path = "story-teller-Info.plist"; sourceTree = "<group>"; };
		8C1F00171791EC6900567D4E /* en */ = {isa = PBXFileReference; lastKnownFileType = text.plist.strings; name = en; path = en.lproj/InfoPlist.strings; sourceTree = "<group>"; };
		8C1F00191791EC6900567D4E /* main.m */ = {isa = PBXFileReference; lastKnownFileType = sourcecode.c.objc; path = main.m; sourceTree = "<group>"; };
		8C1F001B1791EC6900567D4E /* story-teller-Prefix.pch */ = {isa = PBXFileReference; lastKnownFileType = sourcecode.c.h; path = "story-teller-Prefix.pch"; sourceTree = "<group>"; };
		8C1F001C1791EC6900567D4E /* AppDelegate.h */ = {isa = PBXFileReference; lastKnownFileType = sourcecode.c.h; path = AppDelegate.h; sourceTree = "<group>"; };
		8C1F001D1791EC6900567D4E /* AppDelegate.m */ = {isa = PBXFileReference; lastKnownFileType = sourcecode.c.objc; path = AppDelegate.m; sourceTree = "<group>"; };
		8C1F001F1791EC6900567D4E /* Default.png */ = {isa = PBXFileReference; lastKnownFileType = image.png; path = Default.png; sourceTree = "<group>"; };
		8C1F00211791EC6900567D4E /* Default@2x.png */ = {isa = PBXFileReference; lastKnownFileType = image.png; path = "Default@2x.png"; sourceTree = "<group>"; };
		8C1F00231791EC6900567D4E /* Default-568h@2x.png */ = {isa = PBXFileReference; lastKnownFileType = image.png; path = "Default-568h@2x.png"; sourceTree = "<group>"; };
		8C1F00261791EC6900567D4E /* en */ = {isa = PBXFileReference; lastKnownFileType = file.storyboard; name = en; path = en.lproj/MainStoryboard.storyboard; sourceTree = "<group>"; };
		8C1F00281791EC6900567D4E /* MasterViewController.h */ = {isa = PBXFileReference; lastKnownFileType = sourcecode.c.h; path = MasterViewController.h; sourceTree = "<group>"; };
		8C1F00291791EC6900567D4E /* MasterViewController.m */ = {isa = PBXFileReference; lastKnownFileType = sourcecode.c.objc; path = MasterViewController.m; sourceTree = "<group>"; };
		8C1F002B1791EC6900567D4E /* DetailViewController.h */ = {isa = PBXFileReference; lastKnownFileType = sourcecode.c.h; path = DetailViewController.h; sourceTree = "<group>"; };
		8C1F002C1791EC6900567D4E /* DetailViewController.m */ = {isa = PBXFileReference; lastKnownFileType = sourcecode.c.objc; path = DetailViewController.m; sourceTree = "<group>"; };
		8C81FB781791EE8B00B1CDCA /* NSString+STTwitter.h */ = {isa = PBXFileReference; fileEncoding = 4; lastKnownFileType = sourcecode.c.h; path = "NSString+STTwitter.h"; sourceTree = "<group>"; };
		8C81FB791791EE8B00B1CDCA /* NSString+STTwitter.m */ = {isa = PBXFileReference; fileEncoding = 4; lastKnownFileType = sourcecode.c.objc; path = "NSString+STTwitter.m"; sourceTree = "<group>"; };
		8C81FB7A1791EE8B00B1CDCA /* STTwitterAPIWrapper.h */ = {isa = PBXFileReference; fileEncoding = 4; lastKnownFileType = sourcecode.c.h; path = STTwitterAPIWrapper.h; sourceTree = "<group>"; };
		8C81FB7B1791EE8B00B1CDCA /* STTwitterAPIWrapper.m */ = {isa = PBXFileReference; fileEncoding = 4; lastKnownFileType = sourcecode.c.objc; path = STTwitterAPIWrapper.m; sourceTree = "<group>"; };
		8C81FB7C1791EE8B00B1CDCA /* STTwitterAppOnly.h */ = {isa = PBXFileReference; fileEncoding = 4; lastKnownFileType = sourcecode.c.h; path = STTwitterAppOnly.h; sourceTree = "<group>"; };
		8C81FB7D1791EE8B00B1CDCA /* STTwitterAppOnly.m */ = {isa = PBXFileReference; fileEncoding = 4; lastKnownFileType = sourcecode.c.objc; path = STTwitterAppOnly.m; sourceTree = "<group>"; };
		8C81FB7E1791EE8B00B1CDCA /* STTwitterHTML.h */ = {isa = PBXFileReference; fileEncoding = 4; lastKnownFileType = sourcecode.c.h; path = STTwitterHTML.h; sourceTree = "<group>"; };
		8C81FB7F1791EE8B00B1CDCA /* STTwitterHTML.m */ = {isa = PBXFileReference; fileEncoding = 4; lastKnownFileType = sourcecode.c.objc; path = STTwitterHTML.m; sourceTree = "<group>"; };
		8C81FB801791EE8B00B1CDCA /* STTwitterOAuth.h */ = {isa = PBXFileReference; fileEncoding = 4; lastKnownFileType = sourcecode.c.h; path = STTwitterOAuth.h; sourceTree = "<group>"; };
		8C81FB811791EE8B00B1CDCA /* STTwitterOAuth.m */ = {isa = PBXFileReference; fileEncoding = 4; lastKnownFileType = sourcecode.c.objc; path = STTwitterOAuth.m; sourceTree = "<group>"; };
		8C81FB821791EE8B00B1CDCA /* STTwitterOAuthOSX.h */ = {isa = PBXFileReference; fileEncoding = 4; lastKnownFileType = sourcecode.c.h; path = STTwitterOAuthOSX.h; sourceTree = "<group>"; };
		8C81FB831791EE8B00B1CDCA /* STTwitterOAuthOSX.m */ = {isa = PBXFileReference; fileEncoding = 4; lastKnownFileType = sourcecode.c.objc; path = STTwitterOAuthOSX.m; sourceTree = "<group>"; };
		8C81FB841791EE8B00B1CDCA /* STTwitterOAuthProtocol.h */ = {isa = PBXFileReference; fileEncoding = 4; lastKnownFileType = sourcecode.c.h; path = STTwitterOAuthProtocol.h; sourceTree = "<group>"; };
		8C81FB861791EE8B00B1CDCA /* STHTTPRequest.h */ = {isa = PBXFileReference; fileEncoding = 4; lastKnownFileType = sourcecode.c.h; path = STHTTPRequest.h; sourceTree = "<group>"; };
		8C81FB871791EE8B00B1CDCA /* STHTTPRequest.m */ = {isa = PBXFileReference; fileEncoding = 4; lastKnownFileType = sourcecode.c.objc; path = STHTTPRequest.m; sourceTree = "<group>"; };
		8C81FB951791F78600B1CDCA /* StoryItem.h */ = {isa = PBXFileReference; fileEncoding = 4; lastKnownFileType = sourcecode.c.h; path = StoryItem.h; sourceTree = "<group>"; };
		8C81FB961791F78600B1CDCA /* StoryItem.m */ = {isa = PBXFileReference; fileEncoding = 4; lastKnownFileType = sourcecode.c.objc; path = StoryItem.m; sourceTree = "<group>"; };
		8C81FB981791F99700B1CDCA /* PageItem.h */ = {isa = PBXFileReference; fileEncoding = 4; lastKnownFileType = sourcecode.c.h; path = PageItem.h; sourceTree = "<group>"; };
		8C81FB991791F99700B1CDCA /* PageItem.m */ = {isa = PBXFileReference; fileEncoding = 4; lastKnownFileType = sourcecode.c.objc; path = PageItem.m; sourceTree = "<group>"; };
		8C81FBA01792098400B1CDCA /* StoryCellViewController.h */ = {isa = PBXFileReference; fileEncoding = 4; lastKnownFileType = sourcecode.c.h; path = StoryCellViewController.h; sourceTree = "<group>"; };
		8C81FBA11792098400B1CDCA /* StoryCellViewController.m */ = {isa = PBXFileReference; fileEncoding = 4; lastKnownFileType = sourcecode.c.objc; path = StoryCellViewController.m; sourceTree = "<group>"; };
/* End PBXFileReference section */

/* Begin PBXFrameworksBuildPhase section */
		8C1F00061791EC6900567D4E /* Frameworks */ = {
			isa = PBXFrameworksBuildPhase;
			buildActionMask = 2147483647;
			files = (
				8C1F000E1791EC6900567D4E /* UIKit.framework in Frameworks */,
				8C1F00101791EC6900567D4E /* Foundation.framework in Frameworks */,
				8C1F00121791EC6900567D4E /* CoreGraphics.framework in Frameworks */,
			);
			runOnlyForDeploymentPostprocessing = 0;
		};
/* End PBXFrameworksBuildPhase section */

/* Begin PBXGroup section */
		8C1F000A1791EC6900567D4E /* Products */ = {
			isa = PBXGroup;
			children = (
				8C1F00091791EC6900567D4E /* story-teller.app */,
			);
			name = Products;
			sourceTree = "<group>";
		};
		8C1F000C1791EC6900567D4E /* Frameworks */ = {
			isa = PBXGroup;
			children = (
				8C1F000D1791EC6900567D4E /* UIKit.framework */,
				8C1F000F1791EC6900567D4E /* Foundation.framework */,
				8C1F00111791EC6900567D4E /* CoreGraphics.framework */,
			);
			name = Frameworks;
			sourceTree = "<group>";
		};
		8C1F00131791EC6900567D4E /* story-teller */ = {
			isa = PBXGroup;
			children = (
				8C81FB9F1792093F00B1CDCA /* ViewControllers */,
				8C1F001C1791EC6900567D4E /* AppDelegate.h */,
				8C1F001D1791EC6900567D4E /* AppDelegate.m */,
				8C1F00251791EC6900567D4E /* MainStoryboard.storyboard */,
				8C1F00281791EC6900567D4E /* MasterViewController.h */,
				8C1F00291791EC6900567D4E /* MasterViewController.m */,
				8C1F002B1791EC6900567D4E /* DetailViewController.h */,
				8C1F002C1791EC6900567D4E /* DetailViewController.m */,
				8C1F00141791EC6900567D4E /* Supporting Files */,
				8C81FB951791F78600B1CDCA /* StoryItem.h */,
				8C81FB961791F78600B1CDCA /* StoryItem.m */,
				8C81FB981791F99700B1CDCA /* PageItem.h */,
				8C81FB991791F99700B1CDCA /* PageItem.m */,
			);
			path = "story-teller";
			sourceTree = "<group>";
		};
		8C1F00141791EC6900567D4E /* Supporting Files */ = {
			isa = PBXGroup;
			children = (
				8C1F00151791EC6900567D4E /* story-teller-Info.plist */,
				8C1F00161791EC6900567D4E /* InfoPlist.strings */,
				8C1F00191791EC6900567D4E /* main.m */,
				8C1F001B1791EC6900567D4E /* story-teller-Prefix.pch */,
				8C1F001F1791EC6900567D4E /* Default.png */,
				8C1F00211791EC6900567D4E /* Default@2x.png */,
				8C1F00231791EC6900567D4E /* Default-568h@2x.png */,
			);
			name = "Supporting Files";
			sourceTree = "<group>";
		};
		8C1F00331791EE0E00567D4E /* STTwitter
STTwitter
STTwitter
STTwitter
STTwitter */ = {
			isa = PBXGroup;
			children = (
				8C81FB781791EE8B00B1CDCA /* NSString+STTwitter.h */,
				8C81FB791791EE8B00B1CDCA /* NSString+STTwitter.m */,
				8C81FB7A1791EE8B00B1CDCA /* STTwitterAPIWrapper.h */,
				8C81FB7B1791EE8B00B1CDCA /* STTwitterAPIWrapper.m */,
				8C81FB7C1791EE8B00B1CDCA /* STTwitterAppOnly.h */,
				8C81FB7D1791EE8B00B1CDCA /* STTwitterAppOnly.m */,
				8C81FB7E1791EE8B00B1CDCA /* STTwitterHTML.h */,
				8C81FB7F1791EE8B00B1CDCA /* STTwitterHTML.m */,
				8C81FB801791EE8B00B1CDCA /* STTwitterOAuth.h */,
				8C81FB811791EE8B00B1CDCA /* STTwitterOAuth.m */,
				8C81FB821791EE8B00B1CDCA /* STTwitterOAuthOSX.h */,
				8C81FB831791EE8B00B1CDCA /* STTwitterOAuthOSX.m */,
				8C81FB841791EE8B00B1CDCA /* STTwitterOAuthProtocol.h */,
				8C81FB851791EE8B00B1CDCA /* Vendor */,
			);
			name = "STTwitter\nSTTwitter\nSTTwitter\nSTTwitter\nSTTwitter";
			sourceTree = "<group>";
		};
		8C1FFFFE1791EC6900567D4E = {
			isa = PBXGroup;
			children = (
				8C1F00331791EE0E00567D4E /* STTwitter
STTwitter
STTwitter
STTwitter
STTwitter */,
				8C1F00131791EC6900567D4E /* story-teller */,
				8C1F000C1791EC6900567D4E /* Frameworks */,
				8C1F000A1791EC6900567D4E /* Products */,
			);
			sourceTree = "<group>";
		};
		8C81FB851791EE8B00B1CDCA /* Vendor */ = {
			isa = PBXGroup;
			children = (
				8C81FB861791EE8B00B1CDCA /* STHTTPRequest.h */,
				8C81FB871791EE8B00B1CDCA /* STHTTPRequest.m */,
			);
			path = Vendor;
			sourceTree = "<group>";
		};
		8C81FB9F1792093F00B1CDCA /* ViewControllers */ = {
			isa = PBXGroup;
			children = (
				8C81FBA01792098400B1CDCA /* StoryCellViewController.h */,
				8C81FBA11792098400B1CDCA /* StoryCellViewController.m */,
			);
			name = ViewControllers;
			sourceTree = "<group>";
		};
/* End PBXGroup section */

/* Begin PBXNativeTarget section */
		8C1F00081791EC6900567D4E /* story-teller */ = {
			isa = PBXNativeTarget;
			buildConfigurationList = 8C1F00301791EC6900567D4E /* Build configuration list for PBXNativeTarget "story-teller" */;
			buildPhases = (
				8C1F00051791EC6900567D4E /* Sources */,
				8C1F00061791EC6900567D4E /* Frameworks */,
				8C1F00071791EC6900567D4E /* Resources */,
			);
			buildRules = (
			);
			dependencies = (
			);
			name = "story-teller";
			productName = "story-teller";
			productReference = 8C1F00091791EC6900567D4E /* story-teller.app */;
			productType = "com.apple.product-type.application";
		};
/* End PBXNativeTarget section */

/* Begin PBXProject section */
		8C1F00001791EC6900567D4E /* Project object */ = {
			isa = PBXProject;
			attributes = {
				LastUpgradeCheck = 0450;
				ORGANIZATIONNAME = namcha;
			};
			buildConfigurationList = 8C1F00031791EC6900567D4E /* Build configuration list for PBXProject "story-teller" */;
			compatibilityVersion = "Xcode 3.2";
			developmentRegion = English;
			hasScannedForEncodings = 0;
			knownRegions = (
				en,
			);
			mainGroup = 8C1FFFFE1791EC6900567D4E;
			productRefGroup = 8C1F000A1791EC6900567D4E /* Products */;
			projectDirPath = "";
			projectRoot = "";
			targets = (
				8C1F00081791EC6900567D4E /* story-teller */,
			);
		};
/* End PBXProject section */

/* Begin PBXResourcesBuildPhase section */
		8C1F00071791EC6900567D4E /* Resources */ = {
			isa = PBXResourcesBuildPhase;
			buildActionMask = 2147483647;
			files = (
				8C1F00181791EC6900567D4E /* InfoPlist.strings in Resources */,
				8C1F00201791EC6900567D4E /* Default.png in Resources */,
				8C1F00221791EC6900567D4E /* Default@2x.png in Resources */,
				8C1F00241791EC6900567D4E /* Default-568h@2x.png in Resources */,
				8C1F00271791EC6900567D4E /* MainStoryboard.storyboard in Resources */,
			);
			runOnlyForDeploymentPostprocessing = 0;
		};
/* End PBXResourcesBuildPhase section */

/* Begin PBXSourcesBuildPhase section */
		8C1F00051791EC6900567D4E /* Sources */ = {
			isa = PBXSourcesBuildPhase;
			buildActionMask = 2147483647;
			files = (
				8C1F001A1791EC6900567D4E /* main.m in Sources */,
				8C1F001E1791EC6900567D4E /* AppDelegate.m in Sources */,
				8C1F002A1791EC6900567D4E /* MasterViewController.m in Sources */,
				8C1F002D1791EC6900567D4E /* DetailViewController.m in Sources */,
				8C81FB881791EE8B00B1CDCA /* NSString+STTwitter.m in Sources */,
				8C81FB891791EE8B00B1CDCA /* STTwitterAPIWrapper.m in Sources */,
				8C81FB8A1791EE8B00B1CDCA /* STTwitterAppOnly.m in Sources */,
				8C81FB8B1791EE8B00B1CDCA /* STTwitterHTML.m in Sources */,
				8C81FB8C1791EE8B00B1CDCA /* STTwitterOAuth.m in Sources */,
				8C81FB8D1791EE8B00B1CDCA /* STTwitterOAuthOSX.m in Sources */,
				8C81FB8E1791EE8B00B1CDCA /* STHTTPRequest.m in Sources */,
				8C81FB971791F78600B1CDCA /* StoryItem.m in Sources */,
				8C81FB9A1791F99700B1CDCA /* PageItem.m in Sources */,
				8C81FBA21792098400B1CDCA /* StoryCellViewController.m in Sources */,
			);
			runOnlyForDeploymentPostprocessing = 0;
		};
/* End PBXSourcesBuildPhase section */

/* Begin PBXVariantGroup section */
		8C1F00161791EC6900567D4E /* InfoPlist.strings */ = {
			isa = PBXVariantGroup;
			children = (
				8C1F00171791EC6900567D4E /* en */,
			);
			name = InfoPlist.strings;
			sourceTree = "<group>";
		};
		8C1F00251791EC6900567D4E /* MainStoryboard.storyboard */ = {
			isa = PBXVariantGroup;
			children = (
				8C1F00261791EC6900567D4E /* en */,
			);
			name = MainStoryboard.storyboard;
			sourceTree = "<group>";
		};
/* End PBXVariantGroup section */

/* Begin XCBuildConfiguration section */
		8C1F002E1791EC6900567D4E /* Debug */ = {
			isa = XCBuildConfiguration;
			buildSettings = {
				ALWAYS_SEARCH_USER_PATHS = NO;
				CLANG_CXX_LANGUAGE_STANDARD = "gnu++0x";
				CLANG_CXX_LIBRARY = "libc++";
				CLANG_ENABLE_OBJC_ARC = YES;
				CLANG_WARN_EMPTY_BODY = YES;
				CLANG_WARN__DUPLICATE_METHOD_MATCH = YES;
				"CODE_SIGN_IDENTITY[sdk=iphoneos*]" = "iPhone Developer";
				COPY_PHASE_STRIP = NO;
				GCC_C_LANGUAGE_STANDARD = gnu99;
				GCC_DYNAMIC_NO_PIC = NO;
				GCC_OPTIMIZATION_LEVEL = 0;
				GCC_PREPROCESSOR_DEFINITIONS = (
					"DEBUG=1",
					"$(inherited)",
				);
				GCC_SYMBOLS_PRIVATE_EXTERN = NO;
				GCC_WARN_ABOUT_RETURN_TYPE = YES;
				GCC_WARN_UNINITIALIZED_AUTOS = YES;
				GCC_WARN_UNUSED_VARIABLE = YES;
				IPHONEOS_DEPLOYMENT_TARGET = 6.0;
				ONLY_ACTIVE_ARCH = YES;
				SDKROOT = iphoneos;
				TARGETED_DEVICE_FAMILY = 2;
			};
			name = Debug;
		};
		8C1F002F1791EC6900567D4E /* Release */ = {
			isa = XCBuildConfiguration;
			buildSettings = {
				ALWAYS_SEARCH_USER_PATHS = NO;
				CLANG_CXX_LANGUAGE_STANDARD = "gnu++0x";
				CLANG_CXX_LIBRARY = "libc++";
				CLANG_ENABLE_OBJC_ARC = YES;
				CLANG_WARN_EMPTY_BODY = YES;
				CLANG_WARN__DUPLICATE_METHOD_MATCH = YES;
				"CODE_SIGN_IDENTITY[sdk=iphoneos*]" = "iPhone Developer";
				COPY_PHASE_STRIP = YES;
				GCC_C_LANGUAGE_STANDARD = gnu99;
				GCC_WARN_ABOUT_RETURN_TYPE = YES;
				GCC_WARN_UNINITIALIZED_AUTOS = YES;
				GCC_WARN_UNUSED_VARIABLE = YES;
				IPHONEOS_DEPLOYMENT_TARGET = 6.0;
				OTHER_CFLAGS = "-DNS_BLOCK_ASSERTIONS=1";
				SDKROOT = iphoneos;
				TARGETED_DEVICE_FAMILY = 2;
				VALIDATE_PRODUCT = YES;
			};
			name = Release;
		};
		8C1F00311791EC6900567D4E /* Debug */ = {
			isa = XCBuildConfiguration;
			buildSettings = {
				GCC_PRECOMPILE_PREFIX_HEADER = YES;
				GCC_PREFIX_HEADER = "story-teller/story-teller-Prefix.pch";
				INFOPLIST_FILE = "story-teller/story-teller-Info.plist";
				PRODUCT_NAME = "$(TARGET_NAME)";
				WRAPPER_EXTENSION = app;
			};
			name = Debug;
		};
		8C1F00321791EC6900567D4E /* Release */ = {
			isa = XCBuildConfiguration;
			buildSettings = {
				GCC_PRECOMPILE_PREFIX_HEADER = YES;
				GCC_PREFIX_HEADER = "story-teller/story-teller-Prefix.pch";
				INFOPLIST_FILE = "story-teller/story-teller-Info.plist";
				PRODUCT_NAME = "$(TARGET_NAME)";
				WRAPPER_EXTENSION = app;
			};
			name = Release;
		};
/* End XCBuildConfiguration section */

/* Begin XCConfigurationList section */
		8C1F00031791EC6900567D4E /* Build configuration list for PBXProject "story-teller" */ = {
			isa = XCConfigurationList;
			buildConfigurations = (
				8C1F002E1791EC6900567D4E /* Debug */,
				8C1F002F1791EC6900567D4E /* Release */,
			);
			defaultConfigurationIsVisible = 0;
			defaultConfigurationName = Release;
		};
		8C1F00301791EC6900567D4E /* Build configuration list for PBXNativeTarget "story-teller" */ = {
			isa = XCConfigurationList;
			buildConfigurations = (
				8C1F00311791EC6900567D4E /* Debug */,
				8C1F00321791EC6900567D4E /* Release */,
			);
			defaultConfigurationIsVisible = 0;
			defaultConfigurationName = Release;
		};
/* End XCConfigurationList section */
	};
	rootObject = 8C1F00001791EC6900567D4E /* Project object */;
}
